{
    "_readme": [
        "This file locks the dependencies of your project to a known state",
        "Read more about it at https://getcomposer.org/doc/01-basic-usage.md#composer-lock-the-lock-file",
        "This file is @generated automatically"
    ],
    "hash": "5b859e9937c7f269e97976925aad4747",
    "content-hash": "499e6989ca10f213e45c7029e8244948",
    "packages": [
        {
            "name": "kriswallsmith/buzz",
            "version": "v0.15",
            "source": {
                "type": "git",
                "url": "https://github.com/kriswallsmith/Buzz.git",
                "reference": "d4041666c3ffb379af02a92dabe81c904b35fab8"
            },
            "dist": {
                "type": "zip",
                "url": "https://api.github.com/repos/kriswallsmith/Buzz/zipball/d4041666c3ffb379af02a92dabe81c904b35fab8",
                "reference": "d4041666c3ffb379af02a92dabe81c904b35fab8",
                "shasum": ""
            },
            "require": {
                "php": ">=5.3.0"
            },
            "require-dev": {
                "phpunit/phpunit": "3.7.*"
            },
            "suggest": {
                "ext-curl": "*"
            },
            "type": "library",
            "autoload": {
                "psr-0": {
                    "Buzz": "lib/"
                }
            },
            "notification-url": "https://packagist.org/downloads/",
            "license": [
                "MIT"
            ],
            "authors": [
                {
                    "name": "Kris Wallsmith",
                    "email": "kris.wallsmith@gmail.com",
                    "homepage": "http://kriswallsmith.net/"
                }
            ],
            "description": "Lightweight HTTP client",
            "homepage": "https://github.com/kriswallsmith/Buzz",
            "keywords": [
                "curl",
                "http client"
            ],
            "time": "2015-06-25 17:26:56"
        },
        {
            "name": "opensearchserver/opensearchserver",
            "version": "3.0.19",
            "source": {
                "type": "git",
                "url": "https://github.com/jaeksoft/opensearchserver-php-client.git",
                "reference": "dc5d1710d9cbb7cdb24395221b20e603a863c217"
            },
            "dist": {
                "type": "zip",
                "url": "https://api.github.com/repos/jaeksoft/opensearchserver-php-client/zipball/dc5d1710d9cbb7cdb24395221b20e603a863c217",
                "reference": "dc5d1710d9cbb7cdb24395221b20e603a863c217",
                "shasum": ""
            },
            "require": {
                "kriswallsmith/buzz": ">=0.6",
                "php": ">=5.3.3"
            },
            "require-dev": {
                "phpunit/phpunit": "4.1.*"
            },
            "type": "library",
            "autoload": {
                "psr-0": {
                    "OpenSearchServer": "src"
                }
            },
            "notification-url": "https://packagist.org/downloads/",
            "license": [
                "Apache-2.0"
            ],
            "description": "PHP library for OpenSearchServer: professionnal search engine, crawlers (web, file, database), REST APIs, .... This library uses OpenSearchServer's V2 API.",
            "homepage": "http://www.opensearchserver.com/",
            "keywords": [
                "crawler",
                "file crawler",
                "index",
                "open source search engine",
                "opensearchserver",
                "oss",
                "search",
                "search engine",
                "web crawler"
            ],
            "time": "2016-07-22 12:11:04"
        }
    ],
    "packages-dev": [],
    "aliases": [],
    "minimum-stability": "stable",
    "stability-flags": [],
    "prefer-stable": false,
    "prefer-lowest": false,
    "platform": [],
    "platform-dev": []
}
